
Microsoft Visual Studio Solution File, Format Version 11.00
# Visual C# Express 2010
Project("{FAE04EC0-301F-11D3-BF4B-00C04F79EFBC}") = "global", "global\global.csproj", "{437244B5-31F4-4356-A320-6273F0A9FF9A}"
EndProject
Global
	GlobalSection(SolutionConfigurationPlatforms) = preSolution
		Debug|Any CPU = Debug|Any CPU
		Release|Any CPU = Release|Any CPU
	EndGlobalSection
	GlobalSection(ProjectConfigurationPlatforms) = postSolution
		{437244B5-31F4-4356-A320-6273F0A9FF9A}.Debug|Any CPU.ActiveCfg = Debug|Any CPU
		{437244B5-31F4-4356-A320-6273F0A9FF9A}.Debug|Any CPU.Build.0 = Debug|Any CPU
		{437244B5-31F4-4356-A320-6273F0A9FF9A}.Release|Any CPU.ActiveCfg = Release|Any CPU
		{437244B5-31F4-4356-A320-6273F0A9FF9A}.Release|Any CPU.Build.0 = Release|Any CPU
	EndGlobalSection
	GlobalSection(SolutionProperties) = preSolution
		HideSolutionNode = FALSE
	EndGlobalSection
EndGlobal
