
Microsoft Visual Studio Solution File, Format Version 11.00
# Visual C# Express 2010
Project("{FAE04EC0-301F-11D3-BF4B-00C04F79EFBC}") = "grammar_begin", "grammar_begin\grammar_begin.csproj", "{1BBFB09E-C047-4101-91B7-F181DE6E35BE}"
EndProject
Global
	GlobalSection(SolutionConfigurationPlatforms) = preSolution
		Debug|Any CPU = Debug|Any CPU
		Release|Any CPU = Release|Any CPU
	EndGlobalSection
	GlobalSection(ProjectConfigurationPlatforms) = postSolution
		{1BBFB09E-C047-4101-91B7-F181DE6E35BE}.Debug|Any CPU.ActiveCfg = Debug|Any CPU
		{1BBFB09E-C047-4101-91B7-F181DE6E35BE}.Debug|Any CPU.Build.0 = Debug|Any CPU
		{1BBFB09E-C047-4101-91B7-F181DE6E35BE}.Release|Any CPU.ActiveCfg = Release|Any CPU
		{1BBFB09E-C047-4101-91B7-F181DE6E35BE}.Release|Any CPU.Build.0 = Release|Any CPU
	EndGlobalSection
	GlobalSection(SolutionProperties) = preSolution
		HideSolutionNode = FALSE
	EndGlobalSection
EndGlobal
