
Microsoft Visual Studio Solution File, Format Version 11.00
# Visual C# Express 2010
Project("{FAE04EC0-301F-11D3-BF4B-00C04F79EFBC}") = "pl2", "pl2\pl2.csproj", "{0E8FB457-B52D-4CCA-89BE-F6D7650F6CD5}"
EndProject
Project("{FAE04EC0-301F-11D3-BF4B-00C04F79EFBC}") = "concept", "..\concept\concept\concept.csproj", "{F6D01686-EDF6-402E-9520-592E41ECF7BB}"
EndProject
Global
	GlobalSection(SolutionConfigurationPlatforms) = preSolution
		Debug|Any CPU = Debug|Any CPU
		Release|Any CPU = Release|Any CPU
	EndGlobalSection
	GlobalSection(ProjectConfigurationPlatforms) = postSolution
		{0E8FB457-B52D-4CCA-89BE-F6D7650F6CD5}.Debug|Any CPU.ActiveCfg = Debug|Any CPU
		{0E8FB457-B52D-4CCA-89BE-F6D7650F6CD5}.Debug|Any CPU.Build.0 = Debug|Any CPU
		{0E8FB457-B52D-4CCA-89BE-F6D7650F6CD5}.Release|Any CPU.ActiveCfg = Release|Any CPU
		{0E8FB457-B52D-4CCA-89BE-F6D7650F6CD5}.Release|Any CPU.Build.0 = Release|Any CPU
		{F6D01686-EDF6-402E-9520-592E41ECF7BB}.Debug|Any CPU.ActiveCfg = Debug|Any CPU
		{F6D01686-EDF6-402E-9520-592E41ECF7BB}.Debug|Any CPU.Build.0 = Debug|Any CPU
		{F6D01686-EDF6-402E-9520-592E41ECF7BB}.Release|Any CPU.ActiveCfg = Release|Any CPU
		{F6D01686-EDF6-402E-9520-592E41ECF7BB}.Release|Any CPU.Build.0 = Release|Any CPU
	EndGlobalSection
	GlobalSection(SolutionProperties) = preSolution
		HideSolutionNode = FALSE
	EndGlobalSection
EndGlobal
