
Microsoft Visual Studio Solution File, Format Version 11.00
# Visual C# Express 2010
Project("{FAE04EC0-301F-11D3-BF4B-00C04F79EFBC}") = "generic", "generic\generic.csproj", "{D62AFB88-D73B-42BA-9F3C-5F6C5C0DE049}"
EndProject
Global
	GlobalSection(SolutionConfigurationPlatforms) = preSolution
		Debug|Any CPU = Debug|Any CPU
		Release|Any CPU = Release|Any CPU
	EndGlobalSection
	GlobalSection(ProjectConfigurationPlatforms) = postSolution
		{D62AFB88-D73B-42BA-9F3C-5F6C5C0DE049}.Debug|Any CPU.ActiveCfg = Debug|Any CPU
		{D62AFB88-D73B-42BA-9F3C-5F6C5C0DE049}.Debug|Any CPU.Build.0 = Debug|Any CPU
		{D62AFB88-D73B-42BA-9F3C-5F6C5C0DE049}.Release|Any CPU.ActiveCfg = Release|Any CPU
		{D62AFB88-D73B-42BA-9F3C-5F6C5C0DE049}.Release|Any CPU.Build.0 = Release|Any CPU
	EndGlobalSection
	GlobalSection(SolutionProperties) = preSolution
		HideSolutionNode = FALSE
	EndGlobalSection
EndGlobal
