
Microsoft Visual Studio Solution File, Format Version 11.00
# Visual C# Express 2010
Project("{FAE04EC0-301F-11D3-BF4B-00C04F79EFBC}") = "syntax_end", "syntax_end\syntax_end.csproj", "{06E1E779-A750-4F74-8214-871FB79CC073}"
EndProject
Global
	GlobalSection(SolutionConfigurationPlatforms) = preSolution
		Debug|Any CPU = Debug|Any CPU
		Release|Any CPU = Release|Any CPU
	EndGlobalSection
	GlobalSection(ProjectConfigurationPlatforms) = postSolution
		{06E1E779-A750-4F74-8214-871FB79CC073}.Debug|Any CPU.ActiveCfg = Debug|Any CPU
		{06E1E779-A750-4F74-8214-871FB79CC073}.Debug|Any CPU.Build.0 = Debug|Any CPU
		{06E1E779-A750-4F74-8214-871FB79CC073}.Release|Any CPU.ActiveCfg = Release|Any CPU
		{06E1E779-A750-4F74-8214-871FB79CC073}.Release|Any CPU.Build.0 = Release|Any CPU
	EndGlobalSection
	GlobalSection(SolutionProperties) = preSolution
		HideSolutionNode = FALSE
	EndGlobalSection
EndGlobal
