
Microsoft Visual Studio Solution File, Format Version 12.00
# Visual Studio Version 17
VisualStudioVersion = 17.5.33627.172
MinimumVisualStudioVersion = 10.0.40219.1
Project("{FAE04EC0-301F-11D3-BF4B-00C04F79EFBC}") = "pl2cr", "pl2cr.csproj", "{DF17BA56-4D7B-4210-A7D4-4F1B61BAE4A1}"
EndProject
Global
	GlobalSection(SolutionConfigurationPlatforms) = preSolution
		Debug|Any CPU = Debug|Any CPU
		Release|Any CPU = Release|Any CPU
	EndGlobalSection
	GlobalSection(ProjectConfigurationPlatforms) = postSolution
		{DF17BA56-4D7B-4210-A7D4-4F1B61BAE4A1}.Debug|Any CPU.ActiveCfg = Debug|Any CPU
		{DF17BA56-4D7B-4210-A7D4-4F1B61BAE4A1}.Debug|Any CPU.Build.0 = Debug|Any CPU
		{DF17BA56-4D7B-4210-A7D4-4F1B61BAE4A1}.Release|Any CPU.ActiveCfg = Release|Any CPU
		{DF17BA56-4D7B-4210-A7D4-4F1B61BAE4A1}.Release|Any CPU.Build.0 = Release|Any CPU
	EndGlobalSection
	GlobalSection(SolutionProperties) = preSolution
		HideSolutionNode = FALSE
	EndGlobalSection
	GlobalSection(ExtensibilityGlobals) = postSolution
		SolutionGuid = {37D1F5E3-FB68-4F06-9DFA-A1EC3ED8C750}
	EndGlobalSection
EndGlobal
