
Microsoft Visual Studio Solution File, Format Version 11.00
# Visual C# Express 2010
Project("{FAE04EC0-301F-11D3-BF4B-00C04F79EFBC}") = "pl2rainbow", "pl2rainbow\pl2rainbow.csproj", "{8DEDFCF2-19AD-4699-8664-151BF143D84B}"
EndProject
Project("{FAE04EC0-301F-11D3-BF4B-00C04F79EFBC}") = "pl2ide", "..\pl2ide\pl2ide\pl2ide.csproj", "{FC28BE3E-F526-457A-909B-144240ED8C12}"
EndProject
Project("{FAE04EC0-301F-11D3-BF4B-00C04F79EFBC}") = "Culture_XML", "..\..\..\pl2_international\culture\library\Culture_XML\Culture_XML\Culture_XML.csproj", "{A8149386-493C-419E-BB95-1105445B9DEA}"
EndProject
Global
	GlobalSection(SolutionConfigurationPlatforms) = preSolution
		Debug|Any CPU = Debug|Any CPU
		Debug|Mixed Platforms = Debug|Mixed Platforms
		Debug|x86 = Debug|x86
		Release|Any CPU = Release|Any CPU
		Release|Mixed Platforms = Release|Mixed Platforms
		Release|x86 = Release|x86
	EndGlobalSection
	GlobalSection(ProjectConfigurationPlatforms) = postSolution
		{8DEDFCF2-19AD-4699-8664-151BF143D84B}.Debug|Any CPU.ActiveCfg = Debug|x86
		{8DEDFCF2-19AD-4699-8664-151BF143D84B}.Debug|Mixed Platforms.ActiveCfg = Debug|x86
		{8DEDFCF2-19AD-4699-8664-151BF143D84B}.Debug|Mixed Platforms.Build.0 = Debug|x86
		{8DEDFCF2-19AD-4699-8664-151BF143D84B}.Debug|x86.ActiveCfg = Debug|x86
		{8DEDFCF2-19AD-4699-8664-151BF143D84B}.Debug|x86.Build.0 = Debug|x86
		{8DEDFCF2-19AD-4699-8664-151BF143D84B}.Release|Any CPU.ActiveCfg = Release|x86
		{8DEDFCF2-19AD-4699-8664-151BF143D84B}.Release|Mixed Platforms.ActiveCfg = Release|x86
		{8DEDFCF2-19AD-4699-8664-151BF143D84B}.Release|Mixed Platforms.Build.0 = Release|x86
		{8DEDFCF2-19AD-4699-8664-151BF143D84B}.Release|x86.ActiveCfg = Release|x86
		{8DEDFCF2-19AD-4699-8664-151BF143D84B}.Release|x86.Build.0 = Release|x86
		{FC28BE3E-F526-457A-909B-144240ED8C12}.Debug|Any CPU.ActiveCfg = Debug|x86
		{FC28BE3E-F526-457A-909B-144240ED8C12}.Debug|Mixed Platforms.ActiveCfg = Debug|x86
		{FC28BE3E-F526-457A-909B-144240ED8C12}.Debug|Mixed Platforms.Build.0 = Debug|x86
		{FC28BE3E-F526-457A-909B-144240ED8C12}.Debug|x86.ActiveCfg = Debug|x86
		{FC28BE3E-F526-457A-909B-144240ED8C12}.Debug|x86.Build.0 = Debug|x86
		{FC28BE3E-F526-457A-909B-144240ED8C12}.Release|Any CPU.ActiveCfg = Release|x86
		{FC28BE3E-F526-457A-909B-144240ED8C12}.Release|Mixed Platforms.ActiveCfg = Release|x86
		{FC28BE3E-F526-457A-909B-144240ED8C12}.Release|Mixed Platforms.Build.0 = Release|x86
		{FC28BE3E-F526-457A-909B-144240ED8C12}.Release|x86.ActiveCfg = Release|x86
		{FC28BE3E-F526-457A-909B-144240ED8C12}.Release|x86.Build.0 = Release|x86
		{A8149386-493C-419E-BB95-1105445B9DEA}.Debug|Any CPU.ActiveCfg = Debug|Any CPU
		{A8149386-493C-419E-BB95-1105445B9DEA}.Debug|Any CPU.Build.0 = Debug|Any CPU
		{A8149386-493C-419E-BB95-1105445B9DEA}.Debug|Mixed Platforms.ActiveCfg = Debug|Any CPU
		{A8149386-493C-419E-BB95-1105445B9DEA}.Debug|Mixed Platforms.Build.0 = Debug|Any CPU
		{A8149386-493C-419E-BB95-1105445B9DEA}.Debug|x86.ActiveCfg = Debug|Any CPU
		{A8149386-493C-419E-BB95-1105445B9DEA}.Release|Any CPU.ActiveCfg = Release|Any CPU
		{A8149386-493C-419E-BB95-1105445B9DEA}.Release|Any CPU.Build.0 = Release|Any CPU
		{A8149386-493C-419E-BB95-1105445B9DEA}.Release|Mixed Platforms.ActiveCfg = Release|Any CPU
		{A8149386-493C-419E-BB95-1105445B9DEA}.Release|Mixed Platforms.Build.0 = Release|Any CPU
		{A8149386-493C-419E-BB95-1105445B9DEA}.Release|x86.ActiveCfg = Release|Any CPU
	EndGlobalSection
	GlobalSection(SolutionProperties) = preSolution
		HideSolutionNode = FALSE
	EndGlobalSection
EndGlobal
