
Microsoft Visual Studio Solution File, Format Version 11.00
# Visual C# Express 2010
Project("{FAE04EC0-301F-11D3-BF4B-00C04F79EFBC}") = "logical_library", "logical_library\logical_library.csproj", "{19FE68F9-26D9-4843-BA9A-3F7AE0B8AA67}"
EndProject
Global
	GlobalSection(SolutionConfigurationPlatforms) = preSolution
		Debug|Any CPU = Debug|Any CPU
		Release|Any CPU = Release|Any CPU
	EndGlobalSection
	GlobalSection(ProjectConfigurationPlatforms) = postSolution
		{19FE68F9-26D9-4843-BA9A-3F7AE0B8AA67}.Debug|Any CPU.ActiveCfg = Debug|Any CPU
		{19FE68F9-26D9-4843-BA9A-3F7AE0B8AA67}.Debug|Any CPU.Build.0 = Debug|Any CPU
		{19FE68F9-26D9-4843-BA9A-3F7AE0B8AA67}.Release|Any CPU.ActiveCfg = Release|Any CPU
		{19FE68F9-26D9-4843-BA9A-3F7AE0B8AA67}.Release|Any CPU.Build.0 = Release|Any CPU
	EndGlobalSection
	GlobalSection(SolutionProperties) = preSolution
		HideSolutionNode = FALSE
	EndGlobalSection
EndGlobal
